
Microsoft Visual Studio Solution File, Format Version 12.00
# Visual Studio Version 17
VisualStudioVersion = 17.0.31919.166
MinimumVisualStudioVersion = 10.0.40219.1
Project("{FAE04EC0-301F-11D3-BF4B-00C04F79EFBC}") = "BoxesProject", "BoxesProject\BoxesProject.csproj", "{0E7CAF94-D971-46FA-A588-775BBCEDB9C1}"
EndProject
Project("{FAE04EC0-301F-11D3-BF4B-00C04F79EFBC}") = "WpfBoxesProjectUI", "WpfBoxesProjectUI\WpfBoxesProjectUI.csproj", "{686F092E-695F-48B0-892A-6BEA5F19FE03}"
EndProject
Project("{FAE04EC0-301F-11D3-BF4B-00C04F79EFBC}") = "DataStructures", "DataStructures\DataStructures.csproj", "{9E1240AE-F3E9-4B27-A246-E43E80FACF85}"
EndProject
Global
	GlobalSection(SolutionConfigurationPlatforms) = preSolution
		Debug|Any CPU = Debug|Any CPU
		Release|Any CPU = Release|Any CPU
	EndGlobalSection
	GlobalSection(ProjectConfigurationPlatforms) = postSolution
		{0E7CAF94-D971-46FA-A588-775BBCEDB9C1}.Debug|Any CPU.ActiveCfg = Debug|Any CPU
		{0E7CAF94-D971-46FA-A588-775BBCEDB9C1}.Debug|Any CPU.Build.0 = Debug|Any CPU
		{0E7CAF94-D971-46FA-A588-775BBCEDB9C1}.Release|Any CPU.ActiveCfg = Release|Any CPU
		{0E7CAF94-D971-46FA-A588-775BBCEDB9C1}.Release|Any CPU.Build.0 = Release|Any CPU
		{686F092E-695F-48B0-892A-6BEA5F19FE03}.Debug|Any CPU.ActiveCfg = Debug|Any CPU
		{686F092E-695F-48B0-892A-6BEA5F19FE03}.Debug|Any CPU.Build.0 = Debug|Any CPU
		{686F092E-695F-48B0-892A-6BEA5F19FE03}.Release|Any CPU.ActiveCfg = Release|Any CPU
		{686F092E-695F-48B0-892A-6BEA5F19FE03}.Release|Any CPU.Build.0 = Release|Any CPU
		{9E1240AE-F3E9-4B27-A246-E43E80FACF85}.Debug|Any CPU.ActiveCfg = Debug|Any CPU
		{9E1240AE-F3E9-4B27-A246-E43E80FACF85}.Debug|Any CPU.Build.0 = Debug|Any CPU
		{9E1240AE-F3E9-4B27-A246-E43E80FACF85}.Release|Any CPU.ActiveCfg = Release|Any CPU
		{9E1240AE-F3E9-4B27-A246-E43E80FACF85}.Release|Any CPU.Build.0 = Release|Any CPU
	EndGlobalSection
	GlobalSection(SolutionProperties) = preSolution
		HideSolutionNode = FALSE
	EndGlobalSection
	GlobalSection(ExtensibilityGlobals) = postSolution
		SolutionGuid = {1AFEC0C4-511B-4E97-B103-3A254C2BDB38}
	EndGlobalSection
EndGlobal
